
Microsoft Visual Studio Solution File, Format Version 12.00
# Visual Studio Version 16
VisualStudioVersion = 16.0.33927.289
MinimumVisualStudioVersion = 10.0.40219.1
Project("{FAE04EC0-301F-11D3-BF4B-00C04F79EFBC}") = "Input Challenge", "Input Challenge\Input Challenge.csproj", "{B1EBDB1A-D119-40E3-A6E5-8DFDA2BE2CB2}"
EndProject
Global
	GlobalSection(SolutionConfigurationPlatforms) = preSolution
		Debug|Any CPU = Debug|Any CPU
		Release|Any CPU = Release|Any CPU
	EndGlobalSection
	GlobalSection(ProjectConfigurationPlatforms) = postSolution
		{B1EBDB1A-D119-40E3-A6E5-8DFDA2BE2CB2}.Debug|Any CPU.ActiveCfg = Debug|Any CPU
		{B1EBDB1A-D119-40E3-A6E5-8DFDA2BE2CB2}.Debug|Any CPU.Build.0 = Debug|Any CPU
		{B1EBDB1A-D119-40E3-A6E5-8DFDA2BE2CB2}.Release|Any CPU.ActiveCfg = Release|Any CPU
		{B1EBDB1A-D119-40E3-A6E5-8DFDA2BE2CB2}.Release|Any CPU.Build.0 = Release|Any CPU
	EndGlobalSection
	GlobalSection(SolutionProperties) = preSolution
		HideSolutionNode = FALSE
	EndGlobalSection
	GlobalSection(ExtensibilityGlobals) = postSolution
		SolutionGuid = {BE2C2547-7C61-4DE3-90CC-F0D67D958A6C}
	EndGlobalSection
EndGlobal
