
Microsoft Visual Studio Solution File, Format Version 12.00
# Visual Studio Version 16
VisualStudioVersion = 16.0.33927.289
MinimumVisualStudioVersion = 10.0.40219.1
Project("{FAE04EC0-301F-11D3-BF4B-00C04F79EFBC}") = "ClassMethod", "ClassMethod\ClassMethod.csproj", "{FDFA5BA6-289A-4A10-B485-6941774EA898}"
EndProject
Global
	GlobalSection(SolutionConfigurationPlatforms) = preSolution
		Debug|Any CPU = Debug|Any CPU
		Release|Any CPU = Release|Any CPU
	EndGlobalSection
	GlobalSection(ProjectConfigurationPlatforms) = postSolution
		{FDFA5BA6-289A-4A10-B485-6941774EA898}.Debug|Any CPU.ActiveCfg = Debug|Any CPU
		{FDFA5BA6-289A-4A10-B485-6941774EA898}.Debug|Any CPU.Build.0 = Debug|Any CPU
		{FDFA5BA6-289A-4A10-B485-6941774EA898}.Release|Any CPU.ActiveCfg = Release|Any CPU
		{FDFA5BA6-289A-4A10-B485-6941774EA898}.Release|Any CPU.Build.0 = Release|Any CPU
	EndGlobalSection
	GlobalSection(SolutionProperties) = preSolution
		HideSolutionNode = FALSE
	EndGlobalSection
	GlobalSection(ExtensibilityGlobals) = postSolution
		SolutionGuid = {75A127AF-650A-4B05-BCFE-E2C1DC43E27A}
	EndGlobalSection
EndGlobal
