
Microsoft Visual Studio Solution File, Format Version 12.00
# Visual Studio Version 16
VisualStudioVersion = 16.0.33927.289
MinimumVisualStudioVersion = 10.0.40219.1
Project("{FAE04EC0-301F-11D3-BF4B-00C04F79EFBC}") = "MethodOverloadingOptional", "MethodOverloadingOptional\MethodOverloadingOptional.csproj", "{DF1D5BD6-CF84-4B44-96B2-90B749515532}"
EndProject
Global
	GlobalSection(SolutionConfigurationPlatforms) = preSolution
		Debug|Any CPU = Debug|Any CPU
		Release|Any CPU = Release|Any CPU
	EndGlobalSection
	GlobalSection(ProjectConfigurationPlatforms) = postSolution
		{DF1D5BD6-CF84-4B44-96B2-90B749515532}.Debug|Any CPU.ActiveCfg = Debug|Any CPU
		{DF1D5BD6-CF84-4B44-96B2-90B749515532}.Debug|Any CPU.Build.0 = Debug|Any CPU
		{DF1D5BD6-CF84-4B44-96B2-90B749515532}.Release|Any CPU.ActiveCfg = Release|Any CPU
		{DF1D5BD6-CF84-4B44-96B2-90B749515532}.Release|Any CPU.Build.0 = Release|Any CPU
	EndGlobalSection
	GlobalSection(SolutionProperties) = preSolution
		HideSolutionNode = FALSE
	EndGlobalSection
	GlobalSection(ExtensibilityGlobals) = postSolution
		SolutionGuid = {32596B76-1961-415F-A38F-7618DDAFBDE6}
	EndGlobalSection
EndGlobal
