
Microsoft Visual Studio Solution File, Format Version 12.00
# Visual Studio Version 16
VisualStudioVersion = 16.0.33927.289
MinimumVisualStudioVersion = 10.0.40219.1
Project("{FAE04EC0-301F-11D3-BF4B-00C04F79EFBC}") = "ShippingQuote", "CSharpOperators\ShippingQuote.csproj", "{8ACD37AC-A9CD-478A-B9F7-52A6E4AA5941}"
EndProject
Global
	GlobalSection(SolutionConfigurationPlatforms) = preSolution
		Debug|Any CPU = Debug|Any CPU
		Release|Any CPU = Release|Any CPU
	EndGlobalSection
	GlobalSection(ProjectConfigurationPlatforms) = postSolution
		{8ACD37AC-A9CD-478A-B9F7-52A6E4AA5941}.Debug|Any CPU.ActiveCfg = Debug|Any CPU
		{8ACD37AC-A9CD-478A-B9F7-52A6E4AA5941}.Debug|Any CPU.Build.0 = Debug|Any CPU
		{8ACD37AC-A9CD-478A-B9F7-52A6E4AA5941}.Release|Any CPU.ActiveCfg = Release|Any CPU
		{8ACD37AC-A9CD-478A-B9F7-52A6E4AA5941}.Release|Any CPU.Build.0 = Release|Any CPU
	EndGlobalSection
	GlobalSection(SolutionProperties) = preSolution
		HideSolutionNode = FALSE
	EndGlobalSection
	GlobalSection(ExtensibilityGlobals) = postSolution
		SolutionGuid = {4E302FF6-9A70-4D97-BF58-173351DA1928}
	EndGlobalSection
EndGlobal
