
Microsoft Visual Studio Solution File, Format Version 12.00
# Visual Studio Version 16
VisualStudioVersion = 16.0.33927.289
MinimumVisualStudioVersion = 10.0.40219.1
Project("{FAE04EC0-301F-11D3-BF4B-00C04F79EFBC}") = "MathOperations", "MathOperations\MathOperations.csproj", "{ACB51403-F2EE-4FC5-A633-EEE9A130A513}"
EndProject
Global
	GlobalSection(SolutionConfigurationPlatforms) = preSolution
		Debug|Any CPU = Debug|Any CPU
		Release|Any CPU = Release|Any CPU
	EndGlobalSection
	GlobalSection(ProjectConfigurationPlatforms) = postSolution
		{ACB51403-F2EE-4FC5-A633-EEE9A130A513}.Debug|Any CPU.ActiveCfg = Debug|Any CPU
		{ACB51403-F2EE-4FC5-A633-EEE9A130A513}.Debug|Any CPU.Build.0 = Debug|Any CPU
		{ACB51403-F2EE-4FC5-A633-EEE9A130A513}.Release|Any CPU.ActiveCfg = Release|Any CPU
		{ACB51403-F2EE-4FC5-A633-EEE9A130A513}.Release|Any CPU.Build.0 = Release|Any CPU
	EndGlobalSection
	GlobalSection(SolutionProperties) = preSolution
		HideSolutionNode = FALSE
	EndGlobalSection
	GlobalSection(ExtensibilityGlobals) = postSolution
		SolutionGuid = {6EC0E697-CFE9-413E-B8F3-632D119FB2E8}
	EndGlobalSection
EndGlobal
