
Microsoft Visual Studio Solution File, Format Version 12.00
# Visual Studio Version 16
VisualStudioVersion = 16.0.33927.289
MinimumVisualStudioVersion = 10.0.40219.1
Project("{FAE04EC0-301F-11D3-BF4B-00C04F79EFBC}") = "Boolean Logic", "Boolean Logic\Boolean Logic.csproj", "{5FDBB8AA-7D04-4D72-8477-2754DEF54E48}"
EndProject
Global
	GlobalSection(SolutionConfigurationPlatforms) = preSolution
		Debug|Any CPU = Debug|Any CPU
		Release|Any CPU = Release|Any CPU
	EndGlobalSection
	GlobalSection(ProjectConfigurationPlatforms) = postSolution
		{5FDBB8AA-7D04-4D72-8477-2754DEF54E48}.Debug|Any CPU.ActiveCfg = Debug|Any CPU
		{5FDBB8AA-7D04-4D72-8477-2754DEF54E48}.Debug|Any CPU.Build.0 = Debug|Any CPU
		{5FDBB8AA-7D04-4D72-8477-2754DEF54E48}.Release|Any CPU.ActiveCfg = Release|Any CPU
		{5FDBB8AA-7D04-4D72-8477-2754DEF54E48}.Release|Any CPU.Build.0 = Release|Any CPU
	EndGlobalSection
	GlobalSection(SolutionProperties) = preSolution
		HideSolutionNode = FALSE
	EndGlobalSection
	GlobalSection(ExtensibilityGlobals) = postSolution
		SolutionGuid = {0C328ABA-4935-46B1-BF74-E9A435144824}
	EndGlobalSection
EndGlobal
